{
  "version": 4,
  "terraform_version": "1.6.0",
  "serial": 3,
  "lineage": "b4d20e78-c1a2-8720-8e64-e267cd8c050e",
  "outputs": {
    "connectivity_subscription_id": {
      "value": "e22a351f-db36-4a02-9793-0f2189d5f3ab",
      "type": "string"
    },
    "connectivity_tenant_id": {
      "value": "f0f45587-f234-460d-9571-d588eae95d23",
      "type": "string"
    },
    "custom_variables": {
      "value": {},
      "type": [
        "object",
        {}
      ]
    },
    "diagnostics": {
      "value": {
        "diagnostics_definition": {},
        "diagnostics_destinations": {
          "event_hub_namespaces": {},
          "log_analytics": {},
          "storage": {}
        },
        "event_hub_namespaces": {},
        "log_analytics": {},
        "storage_accounts": {}
      },
      "type": [
        "object",
        {
          "diagnostics_definition": [
            "object",
            {}
          ],
          "diagnostics_destinations": [
            "object",
            {
              "event_hub_namespaces": [
                "object",
                {}
              ],
              "log_analytics": [
                "object",
                {}
              ],
              "storage": [
                "object",
                {}
              ]
            }
          ],
          "event_hub_namespaces": [
            "object",
            {}
          ],
          "log_analytics": [
            "object",
            {}
          ],
          "storage_accounts": [
            "object",
            {}
          ]
        }
      ],
      "sensitive": true
    },
    "global_settings": {
      "value": {
        "default_region": "region1",
        "environment": "sandpit",
        "inherit_tags": true,
        "passthrough": false,
        "prefix": "osscuatabc",
        "prefix_with_hyphen": "osscuatabc",
        "prefixes": [
          "osscuatabc"
        ],
        "random_length": null,
        "regions": {
          "region1": "southeastasia",
          "region2": "eastus"
        },
        "tags": {
          "Application_Classification": "Standard",
          "Data_Classification": "Internal",
          "Name": "osscuat - CAF Terraform Landingzones and solutions",
          "Project_Code": "osscuat"
        },
        "use_slug": true
      },
      "type": [
        "object",
        {
          "default_region": "string",
          "environment": "string",
          "inherit_tags": "bool",
          "passthrough": "bool",
          "prefix": "string",
          "prefix_with_hyphen": "string",
          "prefixes": [
            "tuple",
            [
              "string"
            ]
          ],
          "random_length": "dynamic",
          "regions": [
            "map",
            "string"
          ],
          "tags": [
            "map",
            "string"
          ],
          "use_slug": "bool"
        }
      ]
    },
    "launchpad_identities": {
      "value": {},
      "type": [
        "map",
        [
          "object",
          {
            "azuread_groups": [
              "object",
              {}
            ],
            "managed_identities": [
              "object",
              {}
            ]
          }
        ]
      ],
      "sensitive": true
    },
    "objects": {
      "value": {
        "networking_vnets": {
          "client_config": {
            "landingzone_key": "networking_vnets",
            "subscription_id": "e22a351f-db36-4a02-9793-0f2189d5f3ab",
            "tenant_id": "f0f45587-f234-460d-9571-d588eae95d23"
          },
          "diagnostics": {
            "diagnostics_definition": {},
            "diagnostics_destinations": {
              "event_hub_namespaces": {},
              "log_analytics": {},
              "storage": {}
            },
            "event_hub_namespaces": {},
            "log_analytics": {},
            "storage_accounts": {}
          },
          "global_settings": {
            "default_region": "region1",
            "environment": "sandpit",
            "inherit_tags": true,
            "passthrough": false,
            "prefix": "osscuatabc",
            "prefix_with_hyphen": "osscuatabc",
            "prefixes": [
              "osscuatabc"
            ],
            "random_length": null,
            "regions": {
              "region1": "southeastasia",
              "region2": "eastus"
            },
            "tags": {
              "Application_Classification": "Standard",
              "Data_Classification": "Internal",
              "Name": "osscuat - CAF Terraform Landingzones and solutions",
              "Project_Code": "osscuat"
            },
            "use_slug": true
          },
          "resource_groups": {
            "networking_vnets_re1": {
              "id": "/subscriptions/e22a351f-db36-4a02-9793-0f2189d5f3ab/resourceGroups/gcci-platform",
              "location": "southeastasia",
              "name": "gcci-platform",
              "rbac_id": "/subscriptions/e22a351f-db36-4a02-9793-0f2189d5f3ab/resourceGroups/gcci-platform",
              "tags": {
                "Application_Classification": "Standard",
                "Data_Classification": "Internal",
                "Name": "osscuat - CAF Terraform Landingzones and solutions",
                "Project_Code": "osscuat",
                "caf_environment": "sandpit",
                "caf_level": "level3",
                "env": "sandpit",
                "project-code": "osscuat",
                "purpose": "hub internet resource group",
                "rover_version": "aztfmod/rover:1.6.0-rc1-2310.0211",
                "tier": "",
                "zone": "internet"
              }
            }
          },
          "vnets": {
            "vnet_hub_internet_egress_re1": {
              "address_space": [
                "100.127.1.0/24"
              ],
              "dns_servers": [],
              "id": "/subscriptions/e22a351f-db36-4a02-9793-0f2189d5f3ab/resourceGroups/gcci-platform/providers/Microsoft.Network/virtualNetworks/gcci-vnet-egress-internet",
              "location": "southeastasia",
              "name": "gcci-vnet-egress-internet",
              "resource_group_name": "gcci-platform",
              "subnets": {}
            },
            "vnet_hub_internet_ingress_re1": {
              "address_space": [
                "100.127.0.0/24"
              ],
              "dns_servers": [],
              "id": "/subscriptions/e22a351f-db36-4a02-9793-0f2189d5f3ab/resourceGroups/gcci-platform/providers/Microsoft.Network/virtualNetworks/gcci-vnet-ingress-internet",
              "location": "southeastasia",
              "name": "gcci-vnet-ingress-internet",
              "resource_group_name": "gcci-platform",
              "subnets": {}
            }
          }
        }
      },
      "type": [
        "map",
        [
          "object",
          {
            "client_config": [
              "object",
              {
                "landingzone_key": "string",
                "subscription_id": "string",
                "tenant_id": "string"
              }
            ],
            "diagnostics": [
              "object",
              {
                "diagnostics_definition": [
                  "object",
                  {}
                ],
                "diagnostics_destinations": [
                  "object",
                  {
                    "event_hub_namespaces": [
                      "object",
                      {}
                    ],
                    "log_analytics": [
                      "object",
                      {}
                    ],
                    "storage": [
                      "object",
                      {}
                    ]
                  }
                ],
                "event_hub_namespaces": [
                  "object",
                  {}
                ],
                "log_analytics": [
                  "object",
                  {}
                ],
                "storage_accounts": [
                  "object",
                  {}
                ]
              }
            ],
            "global_settings": [
              "object",
              {
                "default_region": "string",
                "environment": "string",
                "inherit_tags": "bool",
                "passthrough": "bool",
                "prefix": "string",
                "prefix_with_hyphen": "string",
                "prefixes": [
                  "tuple",
                  [
                    "string"
                  ]
                ],
                "random_length": "dynamic",
                "regions": [
                  "map",
                  "string"
                ],
                "tags": [
                  "map",
                  "string"
                ],
                "use_slug": "bool"
              }
            ],
            "resource_groups": [
              "object",
              {
                "networking_vnets_re1": [
                  "object",
                  {
                    "id": "string",
                    "location": "string",
                    "name": "string",
                    "rbac_id": "string",
                    "tags": [
                      "map",
                      "string"
                    ]
                  }
                ]
              }
            ],
            "vnets": [
              "object",
              {
                "vnet_hub_internet_egress_re1": [
                  "object",
                  {
                    "address_space": [
                      "list",
                      "string"
                    ],
                    "dns_servers": [
                      "list",
                      "string"
                    ],
                    "id": "string",
                    "location": "string",
                    "name": "string",
                    "resource_group_name": "string",
                    "subnets": [
                      "object",
                      {}
                    ]
                  }
                ],
                "vnet_hub_internet_ingress_re1": [
                  "object",
                  {
                    "address_space": [
                      "list",
                      "string"
                    ],
                    "dns_servers": [
                      "list",
                      "string"
                    ],
                    "id": "string",
                    "location": "string",
                    "name": "string",
                    "resource_group_name": "string",
                    "subnets": [
                      "object",
                      {}
                    ]
                  }
                ]
              }
            ]
          }
        ]
      ],
      "sensitive": true
    },
    "tfstates": {
      "value": {
        "launchpad": {
          "container_name": "tfstate",
          "key": "caf_launchpad.tfstate",
          "level": "level0",
          "resource_group_name": "osscuatabc-rg-launchpad-level0",
          "storage_account_name": "osscuatabcstlevel0",
          "subscription_id": "e22a351f-db36-4a02-9793-0f2189d5f3ab",
          "tenant_id": "f0f45587-f234-460d-9571-d588eae95d23"
        },
        "networking_vnets": {
          "container_name": "tfstate",
          "key": "networking_vnets.tfstate",
          "level": "level3",
          "resource_group_name": "osscuatabc-rg-launchpad-level3",
          "storage_account_name": "osscuatabcstlevel3",
          "subscription_id": "e22a351f-db36-4a02-9793-0f2189d5f3ab",
          "tenant_id": "f0f45587-f234-460d-9571-d588eae95d23"
        }
      },
      "type": [
        "map",
        [
          "object",
          {
            "container_name": "string",
            "key": "string",
            "level": "string",
            "resource_group_name": "string",
            "storage_account_name": "string",
            "subscription_id": "string",
            "tenant_id": "string"
          }
        ]
      ],
      "sensitive": true
    }
  },
  "resources": [
    {
      "mode": "data",
      "type": "azurerm_client_config",
      "name": "current",
      "provider": "provider[\"registry.terraform.io/hashicorp/azurerm\"]",
      "instances": [
        {
          "schema_version": 0,
          "attributes": {
            "client_id": "04b07795-8ddb-461a-bbee-02f9e1bf7b46",
            "id": "Y2xpZW50Q29uZmlncy9jbGllbnRJZD0wNGIwNzc5NS04ZGRiLTQ2MWEtYmJlZS0wMmY5ZTFiZjdiNDY7b2JqZWN0SWQ9NGI3MzJmZTItODk0Ny00YTgzLWIzZmQtMzAzMjdmNGM2ODdkO3N1YnNjcmlwdGlvbklkPWUyMmEzNTFmLWRiMzYtNGEwMi05NzkzLTBmMjE4OWQ1ZjNhYjt0ZW5hbnRJZD1mMGY0NTU4Ny1mMjM0LTQ2MGQtOTU3MS1kNTg4ZWFlOTVkMjM=",
            "object_id": "4b732fe2-8947-4a83-b3fd-30327f4c687d",
            "subscription_id": "e22a351f-db36-4a02-9793-0f2189d5f3ab",
            "tenant_id": "f0f45587-f234-460d-9571-d588eae95d23",
            "timeouts": null
          },
          "sensitive_attributes": []
        }
      ]
    },
    {
      "mode": "data",
      "type": "terraform_remote_state",
      "name": "remote",
      "provider": "provider[\"terraform.io/builtin/terraform\"]",
      "instances": [
        {
          "index_key": "launchpad",
          "schema_version": 0,
          "attributes": {
            "backend": "azurerm",
            "config": {
              "value": {
                "container_name": "tfstate",
                "key": "caf_launchpad.tfstate",
                "resource_group_name": "osscuatabc-rg-launchpad-level0",
                "sas_token": null,
                "storage_account_name": "osscuatabcstlevel0",
                "subscription_id": "e22a351f-db36-4a02-9793-0f2189d5f3ab",
                "tenant_id": "f0f45587-f234-460d-9571-d588eae95d23",
                "use_azuread_auth": true
              },
              "type": [
                "object",
                {
                  "container_name": "string",
                  "key": "string",
                  "resource_group_name": "string",
                  "sas_token": "dynamic",
                  "storage_account_name": "string",
                  "subscription_id": "string",
                  "tenant_id": "string",
                  "use_azuread_auth": "bool"
                }
              ]
            },
            "defaults": null,
            "outputs": {
              "value": {
                "diagnostics": {
                  "diagnostics_definition": {},
                  "diagnostics_destinations": {},
                  "event_hub_namespaces": {},
                  "log_analytics": {},
                  "storage_accounts": {}
                },
                "global_settings": {
                  "default_region": "region1",
                  "environment": "sandpit",
                  "inherit_tags": true,
                  "passthrough": false,
                  "prefix": "osscuatabc",
                  "prefix_with_hyphen": "osscuatabc",
                  "prefixes": [
                    "osscuatabc"
                  ],
                  "random_length": null,
                  "regions": {
                    "region1": "southeastasia",
                    "region2": "eastus"
                  },
                  "tags": {
                    "Application_Classification": "Standard",
                    "Data_Classification": "Internal",
                    "Name": "osscuat - CAF Terraform Landingzones and solutions",
                    "Project_Code": "osscuat"
                  },
                  "use_slug": true
                },
                "launchpad_identities": {},
                "objects": {
                  "launchpad": {
                    "client_config": {
                      "landingzone_key": "launchpad",
                      "subscription_id": "e22a351f-db36-4a02-9793-0f2189d5f3ab",
                      "tenant_id": "f0f45587-f234-460d-9571-d588eae95d23"
                    },
                    "diagnostics": {
                      "diagnostics_definition": {},
                      "diagnostics_destinations": {},
                      "event_hub_namespaces": {},
                      "log_analytics": {},
                      "storage_accounts": {}
                    },
                    "global_settings": {
                      "default_region": "region1",
                      "environment": "sandpit",
                      "inherit_tags": true,
                      "passthrough": false,
                      "prefix": "osscuatabc",
                      "prefix_with_hyphen": "osscuatabc",
                      "prefixes": [
                        "osscuatabc"
                      ],
                      "random_length": null,
                      "regions": {
                        "region1": "southeastasia",
                        "region2": "eastus"
                      },
                      "tags": {
                        "Application_Classification": "Standard",
                        "Data_Classification": "Internal",
                        "Name": "osscuat - CAF Terraform Landingzones and solutions",
                        "Project_Code": "osscuat"
                      },
                      "use_slug": true
                    },
                    "keyvaults": {
                      "level0": {
                        "base_tags": {
                          "Application_Classification": "Standard",
                          "Data_Classification": "Internal",
                          "Name": "osscuat - CAF Terraform Landingzones and solutions",
                          "Project_Code": "osscuat",
                          "caf_environment": "sandpit",
                          "caf_tfstate": "level0",
                          "landingzone": "launchpad",
                          "level": "level0",
                          "rover_version": "aztfmod/rover:1.6.0-rc1-2310.0211"
                        },
                        "id": "/subscriptions/e22a351f-db36-4a02-9793-0f2189d5f3ab/resourceGroups/osscuatabc-rg-launchpad-level0/providers/Microsoft.KeyVault/vaults/osscuatabc-kv-level0",
                        "name": "osscuatabc-kv-level0",
                        "rbac_id": "/subscriptions/e22a351f-db36-4a02-9793-0f2189d5f3ab/resourceGroups/osscuatabc-rg-launchpad-level0/providers/Microsoft.KeyVault/vaults/osscuatabc-kv-level0",
                        "vault_uri": "https://osscuatabc-kv-level0.vault.azure.net/"
                      },
                      "level3": {
                        "base_tags": {
                          "Application_Classification": "Standard",
                          "Data_Classification": "Internal",
                          "Name": "osscuat - CAF Terraform Landingzones and solutions",
                          "Project_Code": "osscuat",
                          "caf_environment": "sandpit",
                          "caf_tfstate": "level3",
                          "landingzone": "launchpad",
                          "level": "level3",
                          "rover_version": "aztfmod/rover:1.6.0-rc1-2310.0211"
                        },
                        "id": "/subscriptions/e22a351f-db36-4a02-9793-0f2189d5f3ab/resourceGroups/osscuatabc-rg-launchpad-level3/providers/Microsoft.KeyVault/vaults/osscuatabc-kv-level3",
                        "name": "osscuatabc-kv-level3",
                        "rbac_id": "/subscriptions/e22a351f-db36-4a02-9793-0f2189d5f3ab/resourceGroups/osscuatabc-rg-launchpad-level3/providers/Microsoft.KeyVault/vaults/osscuatabc-kv-level3",
                        "vault_uri": "https://osscuatabc-kv-level3.vault.azure.net/"
                      },
                      "level4": {
                        "base_tags": {
                          "Application_Classification": "Standard",
                          "Data_Classification": "Internal",
                          "Name": "osscuat - CAF Terraform Landingzones and solutions",
                          "Project_Code": "osscuat",
                          "caf_environment": "sandpit",
                          "caf_tfstate": "level4",
                          "landingzone": "launchpad",
                          "level": "level4",
                          "rover_version": "aztfmod/rover:1.6.0-rc1-2310.0211"
                        },
                        "id": "/subscriptions/e22a351f-db36-4a02-9793-0f2189d5f3ab/resourceGroups/osscuatabc-rg-launchpad-level4/providers/Microsoft.KeyVault/vaults/osscuatabc-kv-level4",
                        "name": "osscuatabc-kv-level4",
                        "rbac_id": "/subscriptions/e22a351f-db36-4a02-9793-0f2189d5f3ab/resourceGroups/osscuatabc-rg-launchpad-level4/providers/Microsoft.KeyVault/vaults/osscuatabc-kv-level4",
                        "vault_uri": "https://osscuatabc-kv-level4.vault.azure.net/"
                      }
                    },
                    "resource_groups": {
                      "level0": {
                        "id": "/subscriptions/e22a351f-db36-4a02-9793-0f2189d5f3ab/resourceGroups/osscuatabc-rg-launchpad-level0",
                        "location": "southeastasia",
                        "name": "osscuatabc-rg-launchpad-level0",
                        "rbac_id": "/subscriptions/e22a351f-db36-4a02-9793-0f2189d5f3ab/resourceGroups/osscuatabc-rg-launchpad-level0",
                        "tags": {
                          "Application_Classification": "Standard",
                          "Data_Classification": "Internal",
                          "Name": "osscuat - CAF Terraform Landingzones and solutions",
                          "Project_Code": "osscuat",
                          "caf_environment": "sandpit",
                          "landingzone": "launchpad",
                          "level": "level0",
                          "rover_version": "aztfmod/rover:1.6.0-rc1-2310.0211"
                        }
                      },
                      "level3": {
                        "id": "/subscriptions/e22a351f-db36-4a02-9793-0f2189d5f3ab/resourceGroups/osscuatabc-rg-launchpad-level3",
                        "location": "southeastasia",
                        "name": "osscuatabc-rg-launchpad-level3",
                        "rbac_id": "/subscriptions/e22a351f-db36-4a02-9793-0f2189d5f3ab/resourceGroups/osscuatabc-rg-launchpad-level3",
                        "tags": {
                          "Application_Classification": "Standard",
                          "Data_Classification": "Internal",
                          "Name": "osscuat - CAF Terraform Landingzones and solutions",
                          "Project_Code": "osscuat",
                          "caf_environment": "sandpit",
                          "landingzone": "launchpad",
                          "level": "level3",
                          "rover_version": "aztfmod/rover:1.6.0-rc1-2310.0211"
                        }
                      },
                      "level4": {
                        "id": "/subscriptions/e22a351f-db36-4a02-9793-0f2189d5f3ab/resourceGroups/osscuatabc-rg-launchpad-level4",
                        "location": "southeastasia",
                        "name": "osscuatabc-rg-launchpad-level4",
                        "rbac_id": "/subscriptions/e22a351f-db36-4a02-9793-0f2189d5f3ab/resourceGroups/osscuatabc-rg-launchpad-level4",
                        "tags": {
                          "Application_Classification": "Standard",
                          "Data_Classification": "Internal",
                          "Name": "osscuat - CAF Terraform Landingzones and solutions",
                          "Project_Code": "osscuat",
                          "caf_environment": "sandpit",
                          "landingzone": "launchpad",
                          "level": "level4",
                          "rover_version": "aztfmod/rover:1.6.0-rc1-2310.0211"
                        }
                      }
                    },
                    "storage_accounts": {
                      "level0": {
                        "backup_container_id": null,
                        "containers": {
                          "tfstate": {
                            "blobs": {},
                            "has_immutability_policy": false,
                            "has_legal_hold": false,
                            "id": "/subscriptions/e22a351f-db36-4a02-9793-0f2189d5f3ab/resourceGroups/osscuatabc-rg-launchpad-level0/providers/Microsoft.Storage/storageAccounts/osscuatabcstlevel0/blobServices/default/containers/tfstate",
                            "name": "tfstate",
                            "resource_manager_id": "/subscriptions/e22a351f-db36-4a02-9793-0f2189d5f3ab/resourceGroups/osscuatabc-rg-launchpad-level0/providers/Microsoft.Storage/storageAccounts/osscuatabcstlevel0/blobServices/default/containers/tfstate",
                            "url": "https://osscuatabcstlevel0.blob.core.windows.net/tfstate"
                          }
                        },
                        "data_lake_filesystems": {},
                        "file_share": {},
                        "id": "/subscriptions/e22a351f-db36-4a02-9793-0f2189d5f3ab/resourceGroups/osscuatabc-rg-launchpad-level0/providers/Microsoft.Storage/storageAccounts/osscuatabcstlevel0",
                        "identity": [],
                        "location": "southeastasia",
                        "name": "osscuatabcstlevel0",
                        "primary_access_key": "BUtYgCszsvAPv1TDnoTZjx6zzPNC7VmN5iuCFthnstXExsl/iB2MC1Xcr/rx2Ju0/a699arSZn+S+AStNcWRVg==",
                        "primary_blob_connection_string": "DefaultEndpointsProtocol=https;BlobEndpoint=https://osscuatabcstlevel0.blob.core.windows.net/;AccountName=osscuatabcstlevel0;AccountKey=BUtYgCszsvAPv1TDnoTZjx6zzPNC7VmN5iuCFthnstXExsl/iB2MC1Xcr/rx2Ju0/a699arSZn+S+AStNcWRVg==",
                        "primary_blob_endpoint": "https://osscuatabcstlevel0.blob.core.windows.net/",
                        "primary_connection_string": "DefaultEndpointsProtocol=https;AccountName=osscuatabcstlevel0;AccountKey=BUtYgCszsvAPv1TDnoTZjx6zzPNC7VmN5iuCFthnstXExsl/iB2MC1Xcr/rx2Ju0/a699arSZn+S+AStNcWRVg==;EndpointSuffix=core.windows.net",
                        "primary_web_host": "",
                        "queues": {},
                        "rbac_id": null,
                        "resource_group_name": "osscuatabc-rg-launchpad-level0"
                      },
                      "level3": {
                        "backup_container_id": null,
                        "containers": {
                          "tfstate": {
                            "blobs": {},
                            "has_immutability_policy": false,
                            "has_legal_hold": false,
                            "id": "/subscriptions/e22a351f-db36-4a02-9793-0f2189d5f3ab/resourceGroups/osscuatabc-rg-launchpad-level3/providers/Microsoft.Storage/storageAccounts/osscuatabcstlevel3/blobServices/default/containers/tfstate",
                            "name": "tfstate",
                            "resource_manager_id": "/subscriptions/e22a351f-db36-4a02-9793-0f2189d5f3ab/resourceGroups/osscuatabc-rg-launchpad-level3/providers/Microsoft.Storage/storageAccounts/osscuatabcstlevel3/blobServices/default/containers/tfstate",
                            "url": "https://osscuatabcstlevel3.blob.core.windows.net/tfstate"
                          }
                        },
                        "data_lake_filesystems": {},
                        "file_share": {},
                        "id": "/subscriptions/e22a351f-db36-4a02-9793-0f2189d5f3ab/resourceGroups/osscuatabc-rg-launchpad-level3/providers/Microsoft.Storage/storageAccounts/osscuatabcstlevel3",
                        "identity": [],
                        "location": "southeastasia",
                        "name": "osscuatabcstlevel3",
                        "primary_access_key": "WNRsuTP48VVTWMNB2pesbKPDIWoLilXbci0pryfF44ZzLMJcshwILvXlpOvvmD2yGm4hvj0t1dT1+ASt6SWjkQ==",
                        "primary_blob_connection_string": "DefaultEndpointsProtocol=https;BlobEndpoint=https://osscuatabcstlevel3.blob.core.windows.net/;AccountName=osscuatabcstlevel3;AccountKey=WNRsuTP48VVTWMNB2pesbKPDIWoLilXbci0pryfF44ZzLMJcshwILvXlpOvvmD2yGm4hvj0t1dT1+ASt6SWjkQ==",
                        "primary_blob_endpoint": "https://osscuatabcstlevel3.blob.core.windows.net/",
                        "primary_connection_string": "DefaultEndpointsProtocol=https;AccountName=osscuatabcstlevel3;AccountKey=WNRsuTP48VVTWMNB2pesbKPDIWoLilXbci0pryfF44ZzLMJcshwILvXlpOvvmD2yGm4hvj0t1dT1+ASt6SWjkQ==;EndpointSuffix=core.windows.net",
                        "primary_web_host": "",
                        "queues": {},
                        "rbac_id": null,
                        "resource_group_name": "osscuatabc-rg-launchpad-level3"
                      },
                      "level4": {
                        "backup_container_id": null,
                        "containers": {
                          "tfstate": {
                            "blobs": {},
                            "has_immutability_policy": false,
                            "has_legal_hold": false,
                            "id": "/subscriptions/e22a351f-db36-4a02-9793-0f2189d5f3ab/resourceGroups/osscuatabc-rg-launchpad-level4/providers/Microsoft.Storage/storageAccounts/osscuatabcstlevel4/blobServices/default/containers/tfstate",
                            "name": "tfstate",
                            "resource_manager_id": "/subscriptions/e22a351f-db36-4a02-9793-0f2189d5f3ab/resourceGroups/osscuatabc-rg-launchpad-level4/providers/Microsoft.Storage/storageAccounts/osscuatabcstlevel4/blobServices/default/containers/tfstate",
                            "url": "https://osscuatabcstlevel4.blob.core.windows.net/tfstate"
                          }
                        },
                        "data_lake_filesystems": {},
                        "file_share": {},
                        "id": "/subscriptions/e22a351f-db36-4a02-9793-0f2189d5f3ab/resourceGroups/osscuatabc-rg-launchpad-level4/providers/Microsoft.Storage/storageAccounts/osscuatabcstlevel4",
                        "identity": [],
                        "location": "southeastasia",
                        "name": "osscuatabcstlevel4",
                        "primary_access_key": "jnp7AZMbnldHtDqV6tZ3wHxE/VpJUOuIo+4TnTw7u3KxaxyWRTRFnKptEoQZNwkiROdaLZ6KWBOD+AStgRcQCA==",
                        "primary_blob_connection_string": "DefaultEndpointsProtocol=https;BlobEndpoint=https://osscuatabcstlevel4.blob.core.windows.net/;AccountName=osscuatabcstlevel4;AccountKey=jnp7AZMbnldHtDqV6tZ3wHxE/VpJUOuIo+4TnTw7u3KxaxyWRTRFnKptEoQZNwkiROdaLZ6KWBOD+AStgRcQCA==",
                        "primary_blob_endpoint": "https://osscuatabcstlevel4.blob.core.windows.net/",
                        "primary_connection_string": "DefaultEndpointsProtocol=https;AccountName=osscuatabcstlevel4;AccountKey=jnp7AZMbnldHtDqV6tZ3wHxE/VpJUOuIo+4TnTw7u3KxaxyWRTRFnKptEoQZNwkiROdaLZ6KWBOD+AStgRcQCA==;EndpointSuffix=core.windows.net",
                        "primary_web_host": "",
                        "queues": {},
                        "rbac_id": null,
                        "resource_group_name": "osscuatabc-rg-launchpad-level4"
                      }
                    }
                  }
                },
                "tfstates": {
                  "launchpad": {
                    "container_name": "tfstate",
                    "key": "caf_launchpad.tfstate",
                    "level": "level0",
                    "resource_group_name": "osscuatabc-rg-launchpad-level0",
                    "storage_account_name": "osscuatabcstlevel0",
                    "subscription_id": "e22a351f-db36-4a02-9793-0f2189d5f3ab",
                    "tenant_id": "f0f45587-f234-460d-9571-d588eae95d23"
                  }
                }
              },
              "type": [
                "object",
                {
                  "diagnostics": [
                    "object",
                    {
                      "diagnostics_definition": [
                        "object",
                        {}
                      ],
                      "diagnostics_destinations": [
                        "object",
                        {}
                      ],
                      "event_hub_namespaces": [
                        "object",
                        {}
                      ],
                      "log_analytics": [
                        "object",
                        {}
                      ],
                      "storage_accounts": [
                        "object",
                        {}
                      ]
                    }
                  ],
                  "global_settings": [
                    "object",
                    {
                      "default_region": "string",
                      "environment": "string",
                      "inherit_tags": "bool",
                      "passthrough": "bool",
                      "prefix": "string",
                      "prefix_with_hyphen": "string",
                      "prefixes": [
                        "tuple",
                        [
                          "string"
                        ]
                      ],
                      "random_length": "dynamic",
                      "regions": [
                        "map",
                        "string"
                      ],
                      "tags": [
                        "map",
                        "string"
                      ],
                      "use_slug": "bool"
                    }
                  ],
                  "launchpad_identities": [
                    "map",
                    [
                      "object",
                      {
                        "azuread_groups": [
                          "object",
                          {}
                        ],
                        "managed_identities": [
                          "object",
                          {}
                        ]
                      }
                    ]
                  ],
                  "objects": [
                    "map",
                    [
                      "object",
                      {
                        "client_config": [
                          "object",
                          {
                            "landingzone_key": "string",
                            "subscription_id": "string",
                            "tenant_id": "string"
                          }
                        ],
                        "diagnostics": [
                          "object",
                          {
                            "diagnostics_definition": [
                              "object",
                              {}
                            ],
                            "diagnostics_destinations": [
                              "object",
                              {}
                            ],
                            "event_hub_namespaces": [
                              "object",
                              {}
                            ],
                            "log_analytics": [
                              "object",
                              {}
                            ],
                            "storage_accounts": [
                              "object",
                              {}
                            ]
                          }
                        ],
                        "global_settings": [
                          "object",
                          {
                            "default_region": "string",
                            "environment": "string",
                            "inherit_tags": "bool",
                            "passthrough": "bool",
                            "prefix": "string",
                            "prefix_with_hyphen": "string",
                            "prefixes": [
                              "tuple",
                              [
                                "string"
                              ]
                            ],
                            "random_length": "dynamic",
                            "regions": [
                              "map",
                              "string"
                            ],
                            "tags": [
                              "map",
                              "string"
                            ],
                            "use_slug": "bool"
                          }
                        ],
                        "keyvaults": [
                          "object",
                          {
                            "level0": [
                              "object",
                              {
                                "base_tags": [
                                  "map",
                                  "string"
                                ],
                                "id": "string",
                                "name": "string",
                                "rbac_id": "string",
                                "vault_uri": "string"
                              }
                            ],
                            "level3": [
                              "object",
                              {
                                "base_tags": [
                                  "map",
                                  "string"
                                ],
                                "id": "string",
                                "name": "string",
                                "rbac_id": "string",
                                "vault_uri": "string"
                              }
                            ],
                            "level4": [
                              "object",
                              {
                                "base_tags": [
                                  "map",
                                  "string"
                                ],
                                "id": "string",
                                "name": "string",
                                "rbac_id": "string",
                                "vault_uri": "string"
                              }
                            ]
                          }
                        ],
                        "resource_groups": [
                          "object",
                          {
                            "level0": [
                              "object",
                              {
                                "id": "string",
                                "location": "string",
                                "name": "string",
                                "rbac_id": "string",
                                "tags": [
                                  "map",
                                  "string"
                                ]
                              }
                            ],
                            "level3": [
                              "object",
                              {
                                "id": "string",
                                "location": "string",
                                "name": "string",
                                "rbac_id": "string",
                                "tags": [
                                  "map",
                                  "string"
                                ]
                              }
                            ],
                            "level4": [
                              "object",
                              {
                                "id": "string",
                                "location": "string",
                                "name": "string",
                                "rbac_id": "string",
                                "tags": [
                                  "map",
                                  "string"
                                ]
                              }
                            ]
                          }
                        ],
                        "storage_accounts": [
                          "object",
                          {
                            "level0": [
                              "object",
                              {
                                "backup_container_id": "dynamic",
                                "containers": [
                                  "object",
                                  {
                                    "tfstate": [
                                      "object",
                                      {
                                        "blobs": [
                                          "object",
                                          {}
                                        ],
                                        "has_immutability_policy": "bool",
                                        "has_legal_hold": "bool",
                                        "id": "string",
                                        "name": "string",
                                        "resource_manager_id": "string",
                                        "url": "string"
                                      }
                                    ]
                                  }
                                ],
                                "data_lake_filesystems": [
                                  "object",
                                  {}
                                ],
                                "file_share": [
                                  "object",
                                  {}
                                ],
                                "id": "string",
                                "identity": [
                                  "list",
                                  [
                                    "object",
                                    {
                                      "identity_ids": [
                                        "set",
                                        "string"
                                      ],
                                      "principal_id": "string",
                                      "tenant_id": "string",
                                      "type": "string"
                                    }
                                  ]
                                ],
                                "location": "string",
                                "name": "string",
                                "primary_access_key": "string",
                                "primary_blob_connection_string": "string",
                                "primary_blob_endpoint": "string",
                                "primary_connection_string": "string",
                                "primary_web_host": "string",
                                "queues": [
                                  "object",
                                  {}
                                ],
                                "rbac_id": "dynamic",
                                "resource_group_name": "string"
                              }
                            ],
                            "level3": [
                              "object",
                              {
                                "backup_container_id": "dynamic",
                                "containers": [
                                  "object",
                                  {
                                    "tfstate": [
                                      "object",
                                      {
                                        "blobs": [
                                          "object",
                                          {}
                                        ],
                                        "has_immutability_policy": "bool",
                                        "has_legal_hold": "bool",
                                        "id": "string",
                                        "name": "string",
                                        "resource_manager_id": "string",
                                        "url": "string"
                                      }
                                    ]
                                  }
                                ],
                                "data_lake_filesystems": [
                                  "object",
                                  {}
                                ],
                                "file_share": [
                                  "object",
                                  {}
                                ],
                                "id": "string",
                                "identity": [
                                  "list",
                                  [
                                    "object",
                                    {
                                      "identity_ids": [
                                        "set",
                                        "string"
                                      ],
                                      "principal_id": "string",
                                      "tenant_id": "string",
                                      "type": "string"
                                    }
                                  ]
                                ],
                                "location": "string",
                                "name": "string",
                                "primary_access_key": "string",
                                "primary_blob_connection_string": "string",
                                "primary_blob_endpoint": "string",
                                "primary_connection_string": "string",
                                "primary_web_host": "string",
                                "queues": [
                                  "object",
                                  {}
                                ],
                                "rbac_id": "dynamic",
                                "resource_group_name": "string"
                              }
                            ],
                            "level4": [
                              "object",
                              {
                                "backup_container_id": "dynamic",
                                "containers": [
                                  "object",
                                  {
                                    "tfstate": [
                                      "object",
                                      {
                                        "blobs": [
                                          "object",
                                          {}
                                        ],
                                        "has_immutability_policy": "bool",
                                        "has_legal_hold": "bool",
                                        "id": "string",
                                        "name": "string",
                                        "resource_manager_id": "string",
                                        "url": "string"
                                      }
                                    ]
                                  }
                                ],
                                "data_lake_filesystems": [
                                  "object",
                                  {}
                                ],
                                "file_share": [
                                  "object",
                                  {}
                                ],
                                "id": "string",
                                "identity": [
                                  "list",
                                  [
                                    "object",
                                    {
                                      "identity_ids": [
                                        "set",
                                        "string"
                                      ],
                                      "principal_id": "string",
                                      "tenant_id": "string",
                                      "type": "string"
                                    }
                                  ]
                                ],
                                "location": "string",
                                "name": "string",
                                "primary_access_key": "string",
                                "primary_blob_connection_string": "string",
                                "primary_blob_endpoint": "string",
                                "primary_connection_string": "string",
                                "primary_web_host": "string",
                                "queues": [
                                  "object",
                                  {}
                                ],
                                "rbac_id": "dynamic",
                                "resource_group_name": "string"
                              }
                            ]
                          }
                        ]
                      }
                    ]
                  ],
                  "tfstates": [
                    "map",
                    [
                      "object",
                      {
                        "container_name": "string",
                        "key": "string",
                        "level": "string",
                        "resource_group_name": "string",
                        "storage_account_name": "string",
                        "subscription_id": "string",
                        "tenant_id": "string"
                      }
                    ]
                  ]
                }
              ]
            },
            "workspace": null
          },
          "sensitive_attributes": []
        }
      ]
    },
    {
      "module": "module.solution",
      "mode": "data",
      "type": "azuread_client_config",
      "name": "current",
      "provider": "provider[\"registry.terraform.io/hashicorp/azuread\"]",
      "instances": [
        {
          "schema_version": 0,
          "attributes": {
            "client_id": "04b07795-8ddb-461a-bbee-02f9e1bf7b46",
            "id": "f0f45587-f234-460d-9571-d588eae95d23-04b07795-8ddb-461a-bbee-02f9e1bf7b46-4b732fe2-8947-4a83-b3fd-30327f4c687d",
            "object_id": "4b732fe2-8947-4a83-b3fd-30327f4c687d",
            "tenant_id": "f0f45587-f234-460d-9571-d588eae95d23",
            "timeouts": null
          },
          "sensitive_attributes": []
        }
      ]
    },
    {
      "module": "module.solution",
      "mode": "data",
      "type": "azurerm_client_config",
      "name": "current",
      "provider": "provider[\"registry.terraform.io/hashicorp/azurerm\"]",
      "instances": [
        {
          "schema_version": 0,
          "attributes": {
            "client_id": "04b07795-8ddb-461a-bbee-02f9e1bf7b46",
            "id": "Y2xpZW50Q29uZmlncy9jbGllbnRJZD0wNGIwNzc5NS04ZGRiLTQ2MWEtYmJlZS0wMmY5ZTFiZjdiNDY7b2JqZWN0SWQ9NGI3MzJmZTItODk0Ny00YTgzLWIzZmQtMzAzMjdmNGM2ODdkO3N1YnNjcmlwdGlvbklkPWUyMmEzNTFmLWRiMzYtNGEwMi05NzkzLTBmMjE4OWQ1ZjNhYjt0ZW5hbnRJZD1mMGY0NTU4Ny1mMjM0LTQ2MGQtOTU3MS1kNTg4ZWFlOTVkMjM=",
            "object_id": "4b732fe2-8947-4a83-b3fd-30327f4c687d",
            "subscription_id": "e22a351f-db36-4a02-9793-0f2189d5f3ab",
            "tenant_id": "f0f45587-f234-460d-9571-d588eae95d23",
            "timeouts": null
          },
          "sensitive_attributes": []
        }
      ]
    },
    {
      "module": "module.solution",
      "mode": "data",
      "type": "azurerm_subscription",
      "name": "primary",
      "provider": "provider[\"registry.terraform.io/hashicorp/azurerm\"]",
      "instances": [
        {
          "schema_version": 0,
          "attributes": {
            "display_name": "Visual Studio Enterprise Subscription",
            "id": "/subscriptions/e22a351f-db36-4a02-9793-0f2189d5f3ab",
            "location_placement_id": "Public_2014-09-01",
            "quota_id": "MSDN_2014-09-01",
            "spending_limit": "On",
            "state": "Enabled",
            "subscription_id": "e22a351f-db36-4a02-9793-0f2189d5f3ab",
            "tags": {},
            "tenant_id": "f0f45587-f234-460d-9571-d588eae95d23",
            "timeouts": null
          },
          "sensitive_attributes": []
        }
      ]
    },
    {
      "module": "module.solution.module.networking[\"vnet_hub_internet_egress_re1\"]",
      "mode": "managed",
      "type": "azurecaf_name",
      "name": "caf_name_vnet",
      "provider": "provider[\"registry.terraform.io/aztfmod/azurecaf\"]",
      "instances": [
        {
          "schema_version": 3,
          "attributes": {
            "clean_input": true,
            "id": "lcpnokuidfewetyw",
            "name": "hub-internet-egress-re1",
            "passthrough": false,
            "prefixes": [
              "osscuatabc"
            ],
            "random_length": 0,
            "random_seed": null,
            "resource_type": "azurerm_virtual_network",
            "resource_types": null,
            "result": "gcci-vnet-egress-internet",
            "results": {},
            "separator": "-",
            "suffixes": null,
            "use_slug": true
          },
          "sensitive_attributes": [],
          "private": "eyJzY2hlbWFfdmVyc2lvbiI6IjMifQ==",
          "dependencies": [
            "data.azurerm_client_config.current",
            "data.terraform_remote_state.remote",
            "module.solution.data.azuread_client_config.current",
            "module.solution.data.azuread_service_principal.logged_in_app",
            "module.solution.data.azurerm_client_config.current",
            "module.solution.module.network_watchers.azurecaf_name.netwatcher",
            "module.solution.module.network_watchers.azurerm_network_watcher.netwatcher",
            "module.solution.module.resource_group_reused.data.azurerm_resource_group.rg",
            "module.solution.module.resource_groups.azurecaf_name.rg",
            "module.solution.module.resource_groups.azurerm_resource_group.rg",
            "module.solution.random_string.prefix"
          ]
        }
      ]
    },
    {
      "module": "module.solution.module.networking[\"vnet_hub_internet_egress_re1\"]",
      "mode": "managed",
      "type": "azurerm_virtual_network",
      "name": "vnet",
      "provider": "provider[\"registry.terraform.io/hashicorp/azurerm\"]",
      "instances": [
        {
          "schema_version": 0,
          "attributes": {
            "address_space": [
              "100.127.1.0/24"
            ],
            "bgp_community": "",
            "ddos_protection_plan": [],
            "dns_servers": [],
            "edge_zone": "",
            "encryption": [],
            "flow_timeout_in_minutes": 0,
            "guid": "8262e20d-0601-4ca7-b29c-6f3576757187",
            "id": "/subscriptions/e22a351f-db36-4a02-9793-0f2189d5f3ab/resourceGroups/gcci-platform/providers/Microsoft.Network/virtualNetworks/gcci-vnet-egress-internet",
            "location": "southeastasia",
            "name": "gcci-vnet-egress-internet",
            "resource_group_name": "gcci-platform",
            "subnet": [],
            "tags": {
              "Application_Classification": "Standard",
              "Data_Classification": "Internal",
              "Name": "osscuat - CAF Terraform Landingzones and solutions",
              "Project_Code": "osscuat",
              "caf_environment": "sandpit",
              "caf_level": "level3",
              "env": "sandpit",
              "project-code": "osscuat",
              "purpose": "hub internet resource group",
              "rover_version": "aztfmod/rover:1.6.0-rc1-2310.0211",
              "tier": "",
              "zone": "internet"
            },
            "timeouts": null
          },
          "sensitive_attributes": [],
          "private": "eyJlMmJmYjczMC1lY2FhLTExZTYtOGY4OC0zNDM2M2JjN2M0YzAiOnsiY3JlYXRlIjoxODAwMDAwMDAwMDAwLCJkZWxldGUiOjE4MDAwMDAwMDAwMDAsInJlYWQiOjMwMDAwMDAwMDAwMCwidXBkYXRlIjoxODAwMDAwMDAwMDAwfX0=",
          "dependencies": [
            "data.azurerm_client_config.current",
            "data.terraform_remote_state.remote",
            "module.solution.azurecaf_name.ddos_protection_plan",
            "module.solution.azurerm_network_ddos_protection_plan.ddos_protection_plan",
            "module.solution.data.azuread_client_config.current",
            "module.solution.data.azuread_service_principal.logged_in_app",
            "module.solution.data.azurerm_client_config.current",
            "module.solution.module.network_watchers.azurecaf_name.netwatcher",
            "module.solution.module.network_watchers.azurerm_network_watcher.netwatcher",
            "module.solution.module.networking.azurecaf_name.caf_name_vnet",
            "module.solution.module.resource_group_reused.data.azurerm_resource_group.rg",
            "module.solution.module.resource_groups.azurecaf_name.rg",
            "module.solution.module.resource_groups.azurerm_resource_group.rg",
            "module.solution.random_string.prefix"
          ]
        }
      ]
    },
    {
      "module": "module.solution.module.networking[\"vnet_hub_internet_ingress_re1\"]",
      "mode": "managed",
      "type": "azurecaf_name",
      "name": "caf_name_vnet",
      "provider": "provider[\"registry.terraform.io/aztfmod/azurecaf\"]",
      "instances": [
        {
          "schema_version": 3,
          "attributes": {
            "clean_input": true,
            "id": "xcklddjslcwhcorg",
            "name": "hub-internet-ingress-re1",
            "passthrough": false,
            "prefixes": [
              "osscuatabc"
            ],
            "random_length": 0,
            "random_seed": null,
            "resource_type": "azurerm_virtual_network",
            "resource_types": null,
            "result": "gcci-vnet-ingress-internet",
            "results": {},
            "separator": "-",
            "suffixes": null,
            "use_slug": true
          },
          "sensitive_attributes": [],
          "private": "eyJzY2hlbWFfdmVyc2lvbiI6IjMifQ==",
          "dependencies": [
            "data.azurerm_client_config.current",
            "data.terraform_remote_state.remote",
            "module.solution.data.azuread_client_config.current",
            "module.solution.data.azuread_service_principal.logged_in_app",
            "module.solution.data.azurerm_client_config.current",
            "module.solution.module.network_watchers.azurecaf_name.netwatcher",
            "module.solution.module.network_watchers.azurerm_network_watcher.netwatcher",
            "module.solution.module.resource_group_reused.data.azurerm_resource_group.rg",
            "module.solution.module.resource_groups.azurecaf_name.rg",
            "module.solution.module.resource_groups.azurerm_resource_group.rg",
            "module.solution.random_string.prefix"
          ]
        }
      ]
    },
    {
      "module": "module.solution.module.networking[\"vnet_hub_internet_ingress_re1\"]",
      "mode": "managed",
      "type": "azurerm_virtual_network",
      "name": "vnet",
      "provider": "provider[\"registry.terraform.io/hashicorp/azurerm\"]",
      "instances": [
        {
          "schema_version": 0,
          "attributes": {
            "address_space": [
              "100.127.0.0/24"
            ],
            "bgp_community": "",
            "ddos_protection_plan": [],
            "dns_servers": [],
            "edge_zone": "",
            "encryption": [],
            "flow_timeout_in_minutes": 0,
            "guid": "594f8502-7ffd-4f84-ac5a-3821d4d72842",
            "id": "/subscriptions/e22a351f-db36-4a02-9793-0f2189d5f3ab/resourceGroups/gcci-platform/providers/Microsoft.Network/virtualNetworks/gcci-vnet-ingress-internet",
            "location": "southeastasia",
            "name": "gcci-vnet-ingress-internet",
            "resource_group_name": "gcci-platform",
            "subnet": [],
            "tags": {
              "Application_Classification": "Standard",
              "Data_Classification": "Internal",
              "Name": "osscuat - CAF Terraform Landingzones and solutions",
              "Project_Code": "osscuat",
              "caf_environment": "sandpit",
              "caf_level": "level3",
              "env": "sandpit",
              "project-code": "osscuat",
              "purpose": "hub internet resource group",
              "rover_version": "aztfmod/rover:1.6.0-rc1-2310.0211",
              "tier": "",
              "zone": "internet"
            },
            "timeouts": null
          },
          "sensitive_attributes": [],
          "private": "eyJlMmJmYjczMC1lY2FhLTExZTYtOGY4OC0zNDM2M2JjN2M0YzAiOnsiY3JlYXRlIjoxODAwMDAwMDAwMDAwLCJkZWxldGUiOjE4MDAwMDAwMDAwMDAsInJlYWQiOjMwMDAwMDAwMDAwMCwidXBkYXRlIjoxODAwMDAwMDAwMDAwfX0=",
          "dependencies": [
            "data.azurerm_client_config.current",
            "data.terraform_remote_state.remote",
            "module.solution.azurecaf_name.ddos_protection_plan",
            "module.solution.azurerm_network_ddos_protection_plan.ddos_protection_plan",
            "module.solution.data.azuread_client_config.current",
            "module.solution.data.azuread_service_principal.logged_in_app",
            "module.solution.data.azurerm_client_config.current",
            "module.solution.module.network_watchers.azurecaf_name.netwatcher",
            "module.solution.module.network_watchers.azurerm_network_watcher.netwatcher",
            "module.solution.module.networking.azurecaf_name.caf_name_vnet",
            "module.solution.module.resource_group_reused.data.azurerm_resource_group.rg",
            "module.solution.module.resource_groups.azurecaf_name.rg",
            "module.solution.module.resource_groups.azurerm_resource_group.rg",
            "module.solution.random_string.prefix"
          ]
        }
      ]
    },
    {
      "module": "module.solution.module.resource_groups[\"networking_vnets_re1\"]",
      "mode": "managed",
      "type": "azurecaf_name",
      "name": "rg",
      "provider": "provider[\"registry.terraform.io/aztfmod/azurecaf\"]",
      "instances": [
        {
          "schema_version": 3,
          "attributes": {
            "clean_input": true,
            "id": "oqoqqrdqyjfymnbx",
            "name": "gcci-platform",
            "passthrough": false,
            "prefixes": [
              "osscuatabc"
            ],
            "random_length": 0,
            "random_seed": null,
            "resource_type": "azurerm_resource_group",
            "resource_types": null,
            "result": "gcci-platform",
            "results": {},
            "separator": "-",
            "suffixes": null,
            "use_slug": true
          },
          "sensitive_attributes": [],
          "private": "eyJzY2hlbWFfdmVyc2lvbiI6IjMifQ==",
          "dependencies": [
            "data.azurerm_client_config.current",
            "data.terraform_remote_state.remote",
            "module.solution.random_string.prefix"
          ]
        }
      ]
    },
    {
      "module": "module.solution.module.resource_groups[\"networking_vnets_re1\"]",
      "mode": "managed",
      "type": "azurerm_resource_group",
      "name": "rg",
      "provider": "provider[\"registry.terraform.io/hashicorp/azurerm\"]",
      "instances": [
        {
          "schema_version": 0,
          "attributes": {
            "id": "/subscriptions/e22a351f-db36-4a02-9793-0f2189d5f3ab/resourceGroups/gcci-platform",
            "location": "southeastasia",
            "managed_by": "",
            "name": "gcci-platform",
            "tags": {
              "Application_Classification": "Standard",
              "Data_Classification": "Internal",
              "Name": "osscuat - CAF Terraform Landingzones and solutions",
              "Project_Code": "osscuat",
              "caf_environment": "sandpit",
              "caf_level": "level3",
              "env": "sandpit",
              "project-code": "osscuat",
              "purpose": "hub internet resource group",
              "rover_version": "aztfmod/rover:1.6.0-rc1-2310.0211",
              "tier": "",
              "zone": "internet"
            },
            "timeouts": null
          },
          "sensitive_attributes": [],
          "private": "eyJlMmJmYjczMC1lY2FhLTExZTYtOGY4OC0zNDM2M2JjN2M0YzAiOnsiY3JlYXRlIjo1NDAwMDAwMDAwMDAwLCJkZWxldGUiOjU0MDAwMDAwMDAwMDAsInJlYWQiOjMwMDAwMDAwMDAwMCwidXBkYXRlIjo1NDAwMDAwMDAwMDAwfX0=",
          "dependencies": [
            "data.azurerm_client_config.current",
            "data.terraform_remote_state.remote",
            "module.solution.module.resource_groups.azurecaf_name.rg",
            "module.solution.random_string.prefix"
          ]
        }
      ]
    }
  ],
  "check_results": [
    {
      "object_kind": "resource",
      "config_addr": "module.solution.module.vm_extension_custom_scriptextension.azurerm_virtual_machine_extension.domainjoin",
      "status": "pass",
      "objects": null
    },
    {
      "object_kind": "resource",
      "config_addr": "module.solution.module.vm_extension_custom_scriptextension.azurerm_virtual_machine_extension.tfcloud_selfhosted_agent",
      "status": "pass",
      "objects": null
    },
    {
      "object_kind": "var",
      "config_addr": "module.solution.module.app_services.module.diagnostics.var.profiles",
      "status": "pass",
      "objects": null
    },
    {
      "object_kind": "resource",
      "config_addr": "module.solution.module.vm_extension_linux_diagnostic.azurerm_virtual_machine_extension.genext",
      "status": "pass",
      "objects": null
    },
    {
      "object_kind": "resource",
      "config_addr": "module.solution.module.vm_extension_linux_diagnostic.azurerm_virtual_machine_extension.session_host_dscextension",
      "status": "pass",
      "objects": null
    },
    {
      "object_kind": "resource",
      "config_addr": "module.solution.module.keyvault_for_windows.azurerm_virtual_machine_extension.diagnostics",
      "status": "pass",
      "objects": null
    },
    {
      "object_kind": "resource",
      "config_addr": "module.solution.module.vm_extension_linux_diagnostic.azurerm_virtual_machine_extension.diagnostics",
      "status": "pass",
      "objects": null
    },
    {
      "object_kind": "var",
      "config_addr": "module.solution.module.linux_function_apps.module.diagnostics.var.profiles",
      "status": "pass",
      "objects": null
    },
    {
      "object_kind": "var",
      "config_addr": "module.solution.module.cognitive_services_account.module.diagnostics.var.profiles",
      "status": "pass",
      "objects": null
    },
    {
      "object_kind": "var",
      "config_addr": "module.solution.module.static_sites.var.sku_tier",
      "status": "pass",
      "objects": null
    },
    {
      "object_kind": "var",
      "config_addr": "module.solution.module.mssql_managed_instances_secondary_v1.module.var_settings.var.storage_size_in_gb",
      "status": "pass",
      "objects": null
    },
    {
      "object_kind": "var",
      "config_addr": "module.solution.module.express_route_circuits.module.diagnostics.var.profiles",
      "status": "pass",
      "objects": null
    },
    {
      "object_kind": "resource",
      "config_addr": "module.solution.module.vm_extension_custom_scriptextension.azurerm_virtual_machine_extension.session_host_dscextension",
      "status": "pass",
      "objects": null
    },
    {
      "object_kind": "var",
      "config_addr": "module.solution.module.application_gateways.var.sku_tier",
      "status": "pass",
      "objects": null
    },
    {
      "object_kind": "var",
      "config_addr": "module.solution.module.diagnostic_storage_accounts.module.diagnostics.var.profiles",
      "status": "pass",
      "objects": null
    },
    {
      "object_kind": "resource",
      "config_addr": "module.solution.module.vm_extension_microsoft_azure_domainjoin.azurerm_virtual_machine_extension.diagnostics",
      "status": "pass",
      "objects": null
    },
    {
      "object_kind": "var",
      "config_addr": "module.solution.module.mssql_managed_instances_secondary_v1.var.settings",
      "status": "pass",
      "objects": null
    },
    {
      "object_kind": "var",
      "config_addr": "module.solution.module.bastion_host_diagnostics.var.profiles",
      "status": "pass",
      "objects": null
    },
    {
      "object_kind": "var",
      "config_addr": "module.solution.module.mssql_managed_instances_v1.module.var_settings.var.authentication_mode",
      "status": "pass",
      "objects": null
    },
    {
      "object_kind": "var",
      "config_addr": "module.solution.module.mssql_managed_instances_secondary_v1.module.var_settings.var.mi_create_mode",
      "status": "pass",
      "objects": null
    },
    {
      "object_kind": "var",
      "config_addr": "module.solution.module.mssql_managed_instances_secondary_v1.module.var_settings.module.vcores_gen5.var.vcores",
      "status": "pass",
      "objects": null
    },
    {
      "object_kind": "resource",
      "config_addr": "module.solution.module.api_management_api_operation.azurerm_api_management_api_operation.apim",
      "status": "pass",
      "objects": null
    },
    {
      "object_kind": "resource",
      "config_addr": "module.solution.module.vm_extension_microsoft_azure_domainjoin.azurerm_virtual_machine_extension.session_host_dscextension",
      "status": "pass",
      "objects": null
    },
    {
      "object_kind": "resource",
      "config_addr": "module.solution.module.vm_extension_diagnostics.azurerm_virtual_machine_extension.linux_diagnostic",
      "status": "pass",
      "objects": null
    },
    {
      "object_kind": "resource",
      "config_addr": "module.solution.module.vm_extension_generic.azurerm_virtual_machine_extension.domainjoin",
      "status": "pass",
      "objects": null
    },
    {
      "object_kind": "resource",
      "config_addr": "module.solution.module.vm_extensions_tfcloud_selfhosted_agent.azurerm_virtual_machine_extension.genext",
      "status": "pass",
      "objects": null
    },
    {
      "object_kind": "resource",
      "config_addr": "module.solution.module.vm_extension_monitoring_agent.azurerm_virtual_machine_extension.monitoring",
      "status": "pass",
      "objects": null
    },
    {
      "object_kind": "resource",
      "config_addr": "module.solution.module.vm_extension_session_host_dscextension.azurerm_virtual_machine_extension.keyvault_for_windows",
      "status": "pass",
      "objects": null
    },
    {
      "object_kind": "resource",
      "config_addr": "module.solution.module.keyvault_for_windows.azurerm_virtual_machine_extension.custom_script",
      "status": "pass",
      "objects": null
    },
    {
      "object_kind": "var",
      "config_addr": "module.solution.module.mssql_managed_instances_secondary_v1.module.var_settings.var.minimal_tls_version",
      "status": "pass",
      "objects": null
    },
    {
      "object_kind": "resource",
      "config_addr": "module.solution.module.vm_extension_microsoft_azure_domainjoin.azurerm_virtual_machine_extension.linux_diagnostic",
      "status": "pass",
      "objects": null
    },
    {
      "object_kind": "resource",
      "config_addr": "module.solution.module.vm_extension_linux_diagnostic.azurerm_virtual_machine_extension.keyvault_for_windows",
      "status": "pass",
      "objects": null
    },
    {
      "object_kind": "var",
      "config_addr": "module.solution.module.wvd_host_pools.module.diagnostics.var.profiles",
      "status": "pass",
      "objects": null
    },
    {
      "object_kind": "var",
      "config_addr": "module.solution.module.mssql_managed_instances_secondary_v1.module.var_identity.var.type",
      "status": "pass",
      "objects": null
    },
    {
      "object_kind": "resource",
      "config_addr": "module.solution.module.vm_extensions_devops_selfhosted_agent.azurerm_virtual_machine_extension.monitoring",
      "status": "pass",
      "objects": null
    },
    {
      "object_kind": "resource",
      "config_addr": "module.solution.module.vm_extension_session_host_dscextension.azurerm_virtual_machine_extension.linux_diagnostic",
      "status": "pass",
      "objects": null
    },
    {
      "object_kind": "resource",
      "config_addr": "module.solution.module.vm_extension_custom_scriptextension.azurerm_virtual_machine_extension.linux_diagnostic",
      "status": "pass",
      "objects": null
    },
    {
      "object_kind": "resource",
      "config_addr": "module.solution.module.vm_extension_generic.azurerm_virtual_machine_extension.session_host_dscextension",
      "status": "pass",
      "objects": null
    },
    {
      "object_kind": "var",
      "config_addr": "module.solution.module.subscriptions.module.diagnostics.var.profiles",
      "status": "pass",
      "objects": null
    },
    {
      "object_kind": "var",
      "config_addr": "module.solution.module.mssql_managed_instances_v1.module.var_settings.var.minimal_tls_version",
      "status": "pass",
      "objects": null
    },
    {
      "object_kind": "var",
      "config_addr": "module.solution.module.mssql_managed_instances_secondary_v1.module.var_settings.var.sku_name",
      "status": "pass",
      "objects": null
    },
    {
      "object_kind": "resource",
      "config_addr": "module.solution.module.vm_extension_generic.azurerm_virtual_machine_extension.monitoring",
      "status": "pass",
      "objects": null
    },
    {
      "object_kind": "resource",
      "config_addr": "module.solution.module.vm_extension_session_host_dscextension.azurerm_virtual_machine_extension.custom_script",
      "status": "pass",
      "objects": null
    },
    {
      "object_kind": "resource",
      "config_addr": "module.solution.module.vm_extensions_devops_selfhosted_agent.azurerm_virtual_machine_extension.domainjoin",
      "status": "pass",
      "objects": null
    },
    {
      "object_kind": "resource",
      "config_addr": "module.solution.module.vm_extensions_devops_selfhosted_agent.azurerm_virtual_machine_extension.genext",
      "status": "pass",
      "objects": null
    },
    {
      "object_kind": "var",
      "config_addr": "module.solution.module.databricks_workspaces.module.diagnostics.var.profiles",
      "status": "pass",
      "objects": null
    },
    {
      "object_kind": "resource",
      "config_addr": "module.solution.module.vm_extension_monitoring_agent.azurerm_virtual_machine_extension.linux_diagnostic",
      "status": "pass",
      "objects": null
    },
    {
      "object_kind": "resource",
      "config_addr": "module.solution.module.vm_extension_session_host_dscextension.azurerm_virtual_machine_extension.devops_selfhosted_agent",
      "status": "pass",
      "objects": null
    },
    {
      "object_kind": "resource",
      "config_addr": "module.solution.module.vm_extensions_tfcloud_selfhosted_agent.azurerm_virtual_machine_extension.tfcloud_selfhosted_agent",
      "status": "pass",
      "objects": null
    },
    {
      "object_kind": "var",
      "config_addr": "module.solution.module.keyvaults.module.initial_policy.var.access_policies",
      "status": "pass",
      "objects": null
    },
    {
      "object_kind": "var",
      "config_addr": "module.solution.module.storage_accounts.module.diagnostics_file.var.profiles",
      "status": "pass",
      "objects": null
    },
    {
      "object_kind": "var",
      "config_addr": "module.solution.module.storage_accounts.module.diagnostics_blob.var.profiles",
      "status": "pass",
      "objects": null
    },
    {
      "object_kind": "var",
      "config_addr": "module.solution.module.public_ip_addresses.var.sku",
      "status": "pass",
      "objects": null
    },
    {
      "object_kind": "resource",
      "config_addr": "module.solution.module.vm_extension_generic.azurerm_virtual_machine_extension.tfcloud_selfhosted_agent",
      "status": "pass",
      "objects": null
    },
    {
      "object_kind": "resource",
      "config_addr": "module.solution.module.vm_extension_generic.azurerm_virtual_machine_extension.keyvault_for_windows",
      "status": "pass",
      "objects": null
    },
    {
      "object_kind": "var",
      "config_addr": "module.solution.module.mssql_managed_databases_restore_v1.var.settings",
      "status": "pass",
      "objects": null
    },
    {
      "object_kind": "resource",
      "config_addr": "module.solution.module.vm_extension_microsoft_azure_domainjoin.azurerm_virtual_machine_extension.domainjoin",
      "status": "pass",
      "objects": null
    },
    {
      "object_kind": "var",
      "config_addr": "var.backend_type",
      "status": "pass",
      "objects": [
        {
          "object_addr": "var.backend_type",
          "status": "pass"
        }
      ]
    },
    {
      "object_kind": "var",
      "config_addr": "module.solution.module.container_registry.module.diagnostics.var.profiles",
      "status": "pass",
      "objects": null
    },
    {
      "object_kind": "var",
      "config_addr": "module.solution.module.communication_services_diagnostics.var.profiles",
      "status": "pass",
      "objects": null
    },
    {
      "object_kind": "var",
      "config_addr": "module.solution.module.front_doors_keyvault_access_policy.var.access_policies",
      "status": "pass",
      "objects": null
    },
    {
      "object_kind": "resource",
      "config_addr": "module.solution.module.vm_extension_microsoft_azure_domainjoin.azurerm_virtual_machine_extension.custom_script",
      "status": "pass",
      "objects": null
    },
    {
      "object_kind": "resource",
      "config_addr": "module.solution.module.vm_extension_session_host_dscextension.azurerm_virtual_machine_extension.session_host_dscextension",
      "status": "pass",
      "objects": null
    },
    {
      "object_kind": "var",
      "config_addr": "module.solution.module.mssql_managed_instances_v1.var.settings",
      "status": "pass",
      "objects": null
    },
    {
      "object_kind": "resource",
      "config_addr": "module.solution.module.vm_extension_generic.azurerm_virtual_machine_extension.diagnostics",
      "status": "pass",
      "objects": null
    },
    {
      "object_kind": "var",
      "config_addr": "module.solution.module.application_gateway_platforms.module.diagnostics.var.profiles",
      "status": "pass",
      "objects": null
    },
    {
      "object_kind": "resource",
      "config_addr": "module.solution.module.vm_extension_monitoring_agent.azurerm_virtual_machine_extension.domainjoin",
      "status": "pass",
      "objects": null
    },
    {
      "object_kind": "var",
      "config_addr": "module.solution.module.diagnostic_log_analytics_diagnostics.var.profiles",
      "status": "pass",
      "objects": null
    },
    {
      "object_kind": "resource",
      "config_addr": "module.solution.module.vm_extension_diagnostics.azurerm_virtual_machine_extension.tfcloud_selfhosted_agent",
      "status": "pass",
      "objects": null
    },
    {
      "object_kind": "var",
      "config_addr": "module.solution.module.static_sites.var.sku_size",
      "status": "pass",
      "objects": null
    },
    {
      "object_kind": "resource",
      "config_addr": "module.solution.module.vm_extensions_tfcloud_selfhosted_agent.azurerm_virtual_machine_extension.devops_selfhosted_agent",
      "status": "pass",
      "objects": null
    },
    {
      "object_kind": "resource",
      "config_addr": "module.solution.module.vm_extension_custom_scriptextension.azurerm_virtual_machine_extension.diagnostics",
      "status": "pass",
      "objects": null
    },
    {
      "object_kind": "var",
      "config_addr": "module.solution.module.event_hub_namespaces_diagnostics.var.profiles",
      "status": "pass",
      "objects": null
    },
    {
      "object_kind": "var",
      "config_addr": "module.solution.module.mssql_databases.module.diagnostics.var.profiles",
      "status": "pass",
      "objects": null
    },
    {
      "object_kind": "var",
      "config_addr": "module.solution.module.postgresql_flexible_servers.module.diagnostics.var.profiles",
      "status": "pass",
      "objects": null
    },
    {
      "object_kind": "resource",
      "config_addr": "module.solution.module.vm_extensions_tfcloud_selfhosted_agent.azurerm_virtual_machine_extension.monitoring",
      "status": "pass",
      "objects": null
    },
    {
      "object_kind": "var",
      "config_addr": "module.solution.module.mssql_managed_databases_v1.var.settings",
      "status": "pass",
      "objects": null
    },
    {
      "object_kind": "var",
      "config_addr": "module.solution.module.mssql_managed_instances_v1.module.var_settings.var.storage_size_in_gb",
      "status": "pass",
      "objects": null
    },
    {
      "object_kind": "var",
      "config_addr": "module.solution.module.static_sites.module.diagnostics.var.profiles",
      "status": "pass",
      "objects": null
    },
    {
      "object_kind": "resource",
      "config_addr": "module.solution.module.vm_extension_session_host_dscextension.azurerm_virtual_machine_extension.monitoring",
      "status": "pass",
      "objects": null
    },
    {
      "object_kind": "resource",
      "config_addr": "module.solution.module.vm_extensions_devops_selfhosted_agent.azurerm_virtual_machine_extension.session_host_dscextension",
      "status": "pass",
      "objects": null
    },
    {
      "object_kind": "resource",
      "config_addr": "module.solution.module.vm_extension_monitoring_agent.azurerm_virtual_machine_extension.diagnostics",
      "status": "pass",
      "objects": null
    },
    {
      "object_kind": "resource",
      "config_addr": "module.solution.module.vm_extension_generic.azurerm_virtual_machine_extension.genext",
      "status": "pass",
      "objects": null
    },
    {
      "object_kind": "resource",
      "config_addr": "module.solution.module.vm_extension_diagnostics.azurerm_virtual_machine_extension.custom_script",
      "status": "pass",
      "objects": null
    },
    {
      "object_kind": "resource",
      "config_addr": "module.solution.module.vm_extensions_devops_selfhosted_agent.azurerm_virtual_machine_extension.linux_diagnostic",
      "status": "pass",
      "objects": null
    },
    {
      "object_kind": "var",
      "config_addr": "module.solution.module.mssql_managed_instances_v1.module.var_settings.var.backup_storage_redundancy",
      "status": "pass",
      "objects": null
    },
    {
      "object_kind": "var",
      "config_addr": "module.solution.module.mssql_managed_instances_secondary_v1.module.var_settings.module.vcores_gen4.var.vcores",
      "status": "pass",
      "objects": null
    },
    {
      "object_kind": "var",
      "config_addr": "module.solution.module.mssql_managed_databases_restore_v1.module.var_settings.var.create_mode",
      "status": "pass",
      "objects": null
    },
    {
      "object_kind": "var",
      "config_addr": "module.solution.module.powerbi_embedded.var.sku_name",
      "status": "pass",
      "objects": null
    },
    {
      "object_kind": "var",
      "config_addr": "module.solution.module.mssql_managed_instances_v1.module.var_identity.var.type",
      "status": "pass",
      "objects": null
    },
    {
      "object_kind": "resource",
      "config_addr": "module.solution.module.vm_extension_linux_diagnostic.azurerm_virtual_machine_extension.linux_diagnostic",
      "status": "pass",
      "objects": null
    },
    {
      "object_kind": "var",
      "config_addr": "module.solution.module.application_gateway_platforms.var.sku_name",
      "status": "pass",
      "objects": null
    },
    {
      "object_kind": "var",
      "config_addr": "module.solution.module.aks_clusters.module.diagnostics.var.profiles",
      "status": "pass",
      "objects": null
    },
    {
      "object_kind": "resource",
      "config_addr": "module.solution.module.vm_extensions_tfcloud_selfhosted_agent.azurerm_virtual_machine_extension.domainjoin",
      "status": "pass",
      "objects": null
    },
    {
      "object_kind": "resource",
      "config_addr": "module.solution.module.vm_extension_microsoft_azure_domainjoin.azurerm_virtual_machine_extension.tfcloud_selfhosted_agent",
      "status": "pass",
      "objects": null
    },
    {
      "object_kind": "resource",
      "config_addr": "module.solution.module.vm_extension_microsoft_azure_domainjoin.azurerm_virtual_machine_extension.devops_selfhosted_agent",
      "status": "pass",
      "objects": null
    },
    {
      "object_kind": "var",
      "config_addr": "module.solution.module.mssql_managed_databases_restore_v1.module.var_settings.var.short_term_retention_days",
      "status": "pass",
      "objects": null
    },
    {
      "object_kind": "resource",
      "config_addr": "module.solution.module.vm_extension_microsoft_azure_domainjoin.azurerm_virtual_machine_extension.genext",
      "status": "pass",
      "objects": null
    },
    {
      "object_kind": "resource",
      "config_addr": "module.solution.module.vm_extension_custom_scriptextension.azurerm_virtual_machine_extension.genext",
      "status": "pass",
      "objects": null
    },
    {
      "object_kind": "var",
      "config_addr": "module.solution.module.search_services.module.diagnostics.var.profiles",
      "status": "pass",
      "objects": null
    },
    {
      "object_kind": "resource",
      "config_addr": "module.solution.module.vm_extension_diagnostics.azurerm_virtual_machine_extension.diagnostics",
      "status": "pass",
      "objects": null
    },
    {
      "object_kind": "var",
      "config_addr": "module.solution.module.public_ip_prefixes.var.prefix_length",
      "status": "pass",
      "objects": null
    },
    {
      "object_kind": "var",
      "config_addr": "module.solution.module.application_gateways.var.sku_name",
      "status": "pass",
      "objects": null
    },
    {
      "object_kind": "var",
      "config_addr": "module.solution.module.subscription_billing_role_assignments.var.billing_role_definition_name",
      "status": "pass",
      "objects": null
    },
    {
      "object_kind": "resource",
      "config_addr": "module.solution.module.vm_extension_session_host_dscextension.azurerm_virtual_machine_extension.domainjoin",
      "status": "pass",
      "objects": null
    },
    {
      "object_kind": "var",
      "config_addr": "module.solution.module.public_ip_addresses.var.allocation_method",
      "status": "pass",
      "objects": null
    },
    {
      "object_kind": "var",
      "config_addr": "module.solution.module.networking.module.diagnostics.var.profiles",
      "status": "pass",
      "objects": null
    },
    {
      "object_kind": "var",
      "config_addr": "module.solution.module.azurerm_application_insights.var.application_type",
      "status": "pass",
      "objects": null
    },
    {
      "object_kind": "var",
      "config_addr": "module.solution.module.front_doors.module.diagnostics.var.profiles",
      "status": "pass",
      "objects": null
    },
    {
      "object_kind": "resource",
      "config_addr": "module.solution.module.vm_extension_diagnostics.azurerm_virtual_machine_extension.genext",
      "status": "pass",
      "objects": null
    },
    {
      "object_kind": "var",
      "config_addr": "module.solution.module.diagnostic_storage_accounts.module.diagnostics_blob.var.profiles",
      "status": "pass",
      "objects": null
    },
    {
      "object_kind": "resource",
      "config_addr": "module.solution.module.vm_extension_monitoring_agent.azurerm_virtual_machine_extension.keyvault_for_windows",
      "status": "pass",
      "objects": null
    },
    {
      "object_kind": "var",
      "config_addr": "module.solution.module.diagnostic_storage_accounts.module.diagnostics_file.var.profiles",
      "status": "pass",
      "objects": null
    },
    {
      "object_kind": "var",
      "config_addr": "module.solution.module.api_management_api_operation.var.settings",
      "status": "pass",
      "objects": null
    },
    {
      "object_kind": "var",
      "config_addr": "module.solution.module.app_service_environments.module.diagnostics.var.profiles",
      "status": "pass",
      "objects": null
    },
    {
      "object_kind": "resource",
      "config_addr": "module.solution.module.vm_extensions_tfcloud_selfhosted_agent.azurerm_virtual_machine_extension.custom_script",
      "status": "pass",
      "objects": null
    },
    {
      "object_kind": "resource",
      "config_addr": "module.solution.module.vm_extension_generic.azurerm_virtual_machine_extension.custom_script",
      "status": "pass",
      "objects": null
    },
    {
      "object_kind": "var",
      "config_addr": "module.solution.module.logic_app_standard.module.diagnostics.var.profiles",
      "status": "pass",
      "objects": null
    },
    {
      "object_kind": "var",
      "config_addr": "module.solution.module.keyvault_access_policies.var.access_policies",
      "status": "pass",
      "objects": null
    },
    {
      "object_kind": "var",
      "config_addr": "module.solution.module.networking.module.nsg.module.diagnostics.var.profiles",
      "status": "pass",
      "objects": null
    },
    {
      "object_kind": "var",
      "config_addr": "module.solution.module.recovery_vaults.module.diagnostics.var.profiles",
      "status": "pass",
      "objects": null
    },
    {
      "object_kind": "var",
      "config_addr": "module.solution.module.cdn_profile.module.diagnostics.var.profiles",
      "status": "pass",
      "objects": null
    },
    {
      "object_kind": "var",
      "config_addr": "module.solution.module.automations.module.diagnostics_automation.var.profiles",
      "status": "pass",
      "objects": null
    },
    {
      "object_kind": "resource",
      "config_addr": "module.solution.module.vm_extension_custom_scriptextension.azurerm_virtual_machine_extension.monitoring",
      "status": "pass",
      "objects": null
    },
    {
      "object_kind": "resource",
      "config_addr": "module.solution.module.keyvault_for_windows.azurerm_virtual_machine_extension.genext",
      "status": "pass",
      "objects": null
    },
    {
      "object_kind": "var",
      "config_addr": "module.solution.module.public_ip_addresses.module.diagnostics.var.profiles",
      "status": "pass",
      "objects": null
    },
    {
      "object_kind": "resource",
      "config_addr": "module.solution.module.vm_extension_diagnostics.azurerm_virtual_machine_extension.monitoring",
      "status": "pass",
      "objects": null
    },
    {
      "object_kind": "var",
      "config_addr": "module.solution.module.log_analytics_diagnostics.var.profiles",
      "status": "pass",
      "objects": null
    },
    {
      "object_kind": "resource",
      "config_addr": "module.solution.module.vm_extension_session_host_dscextension.azurerm_virtual_machine_extension.tfcloud_selfhosted_agent",
      "status": "pass",
      "objects": null
    },
    {
      "object_kind": "var",
      "config_addr": "module.solution.module.public_ip_prefixes.var.ip_version",
      "status": "pass",
      "objects": null
    },
    {
      "object_kind": "var",
      "config_addr": "module.solution.module.batch_accounts.module.diagnostics.var.profiles",
      "status": "pass",
      "objects": null
    },
    {
      "object_kind": "var",
      "config_addr": "module.solution.module.purview_accounts.module.diagnostics_automation.var.profiles",
      "status": "pass",
      "objects": null
    },
    {
      "object_kind": "var",
      "config_addr": "module.solution.module.mssql_managed_instances_v1.module.var_settings.var.license_type",
      "status": "pass",
      "objects": null
    },
    {
      "object_kind": "var",
      "config_addr": "module.solution.module.mssql_managed_databases_v1.module.var_settings.var.short_term_retention_days",
      "status": "pass",
      "objects": null
    },
    {
      "object_kind": "var",
      "config_addr": "module.solution.module.redis_caches.module.diagnostics.var.profiles",
      "status": "pass",
      "objects": null
    },
    {
      "object_kind": "var",
      "config_addr": "module.solution.module.mysql_servers.module.diagnostics.var.profiles",
      "status": "pass",
      "objects": null
    },
    {
      "object_kind": "resource",
      "config_addr": "module.solution.module.keyvault_for_windows.azurerm_virtual_machine_extension.session_host_dscextension",
      "status": "pass",
      "objects": null
    },
    {
      "object_kind": "resource",
      "config_addr": "module.solution.module.vm_extension_custom_scriptextension.azurerm_virtual_machine_extension.devops_selfhosted_agent",
      "status": "pass",
      "objects": null
    },
    {
      "object_kind": "resource",
      "config_addr": "module.solution.module.vm_extension_microsoft_azure_domainjoin.azurerm_virtual_machine_extension.keyvault_for_windows",
      "status": "pass",
      "objects": null
    },
    {
      "object_kind": "resource",
      "config_addr": "module.solution.module.vm_extensions_tfcloud_selfhosted_agent.azurerm_virtual_machine_extension.keyvault_for_windows",
      "status": "pass",
      "objects": null
    },
    {
      "object_kind": "var",
      "config_addr": "module.solution.module.mssql_managed_instances_secondary_v1.module.var_settings.var.backup_storage_redundancy",
      "status": "pass",
      "objects": null
    },
    {
      "object_kind": "resource",
      "config_addr": "module.solution.module.vm_extensions_tfcloud_selfhosted_agent.azurerm_virtual_machine_extension.session_host_dscextension",
      "status": "pass",
      "objects": null
    },
    {
      "object_kind": "resource",
      "config_addr": "module.solution.module.vm_extension_diagnostics.azurerm_virtual_machine_extension.keyvault_for_windows",
      "status": "pass",
      "objects": null
    },
    {
      "object_kind": "resource",
      "config_addr": "module.solution.module.vm_extensions_devops_selfhosted_agent.azurerm_virtual_machine_extension.custom_script",
      "status": "pass",
      "objects": null
    },
    {
      "object_kind": "resource",
      "config_addr": "module.solution.module.vm_extension_monitoring_agent.azurerm_virtual_machine_extension.genext",
      "status": "pass",
      "objects": null
    },
    {
      "object_kind": "var",
      "config_addr": "module.solution.module.app_service_environments.var.front_end_size",
      "status": "pass",
      "objects": null
    },
    {
      "object_kind": "resource",
      "config_addr": "module.solution.module.vm_extension_linux_diagnostic.azurerm_virtual_machine_extension.custom_script",
      "status": "pass",
      "objects": null
    },
    {
      "object_kind": "var",
      "config_addr": "module.solution.module.wvd_application_groups.module.diagnostics.var.profiles",
      "status": "pass",
      "objects": null
    },
    {
      "object_kind": "var",
      "config_addr": "module.solution.module.application_gateways.module.diagnostics.var.profiles",
      "status": "pass",
      "objects": null
    },
    {
      "object_kind": "var",
      "config_addr": "module.solution.module.mssql_managed_instances_v1.module.var_login.var.keyvault",
      "status": "pass",
      "objects": null
    },
    {
      "object_kind": "var",
      "config_addr": "module.solution.module.storage_accounts.module.diagnostics_queue.var.profiles",
      "status": "pass",
      "objects": null
    },
    {
      "object_kind": "var",
      "config_addr": "module.solution.module.mssql_managed_instances_v1.module.var_settings.var.sku_name",
      "status": "pass",
      "objects": null
    },
    {
      "object_kind": "var",
      "config_addr": "module.solution.module.application_gateway_platforms.var.sku_tier",
      "status": "pass",
      "objects": null
    },
    {
      "object_kind": "resource",
      "config_addr": "module.solution.module.vm_extension_linux_diagnostic.azurerm_virtual_machine_extension.monitoring",
      "status": "pass",
      "objects": null
    },
    {
      "object_kind": "var",
      "config_addr": "module.solution.module.mariadb_servers.module.diagnostics.var.profiles",
      "status": "pass",
      "objects": null
    },
    {
      "object_kind": "var",
      "config_addr": "module.solution.module.keyvault_access_policies_azuread_apps.var.access_policies",
      "status": "pass",
      "objects": null
    },
    {
      "object_kind": "var",
      "config_addr": "module.solution.module.mssql_managed_instances_secondary_v1.module.var_settings.var.authentication_mode",
      "status": "pass",
      "objects": null
    },
    {
      "object_kind": "resource",
      "config_addr": "module.solution.module.vm_extension_session_host_dscextension.azurerm_virtual_machine_extension.genext",
      "status": "pass",
      "objects": null
    },
    {
      "object_kind": "var",
      "config_addr": "module.solution.module.mssql_managed_instances_v1.module.var_settings.module.vcores_gen5.var.vcores",
      "status": "pass",
      "objects": null
    },
    {
      "object_kind": "var",
      "config_addr": "module.solution.module.network_security_groups.module.diagnostics.var.profiles",
      "status": "pass",
      "objects": null
    },
    {
      "object_kind": "resource",
      "config_addr": "module.solution.module.vm_extension_custom_scriptextension.azurerm_virtual_machine_extension.custom_script",
      "status": "pass",
      "objects": null
    },
    {
      "object_kind": "var",
      "config_addr": "module.solution.module.app_service_environments_v3.module.diagnostics.var.profiles",
      "status": "pass",
      "objects": null
    },
    {
      "object_kind": "var",
      "config_addr": "module.solution.module.azurerm_application_insights.var.retention_in_days",
      "status": "pass",
      "objects": null
    },
    {
      "object_kind": "var",
      "config_addr": "module.solution.module.postgresql_servers.module.diagnostics.var.profiles",
      "status": "pass",
      "objects": null
    },
    {
      "object_kind": "var",
      "config_addr": "module.solution.module.azurerm_application_insights.module.diagnostics.var.profiles",
      "status": "pass",
      "objects": null
    },
    {
      "object_kind": "var",
      "config_addr": "module.solution.module.public_ip_prefixes.var.sku",
      "status": "pass",
      "objects": null
    },
    {
      "object_kind": "resource",
      "config_addr": "module.solution.module.vm_extension_monitoring_agent.azurerm_virtual_machine_extension.custom_script",
      "status": "pass",
      "objects": null
    },
    {
      "object_kind": "resource",
      "config_addr": "module.solution.module.keyvault_for_windows.azurerm_virtual_machine_extension.domainjoin",
      "status": "pass",
      "objects": null
    },
    {
      "object_kind": "resource",
      "config_addr": "module.solution.module.vm_extension_linux_diagnostic.azurerm_virtual_machine_extension.domainjoin",
      "status": "pass",
      "objects": null
    },
    {
      "object_kind": "resource",
      "config_addr": "module.solution.module.vm_extensions_devops_selfhosted_agent.azurerm_virtual_machine_extension.keyvault_for_windows",
      "status": "pass",
      "objects": null
    },
    {
      "object_kind": "resource",
      "config_addr": "module.solution.module.vm_extension_linux_diagnostic.azurerm_virtual_machine_extension.devops_selfhosted_agent",
      "status": "pass",
      "objects": null
    },
    {
      "object_kind": "resource",
      "config_addr": "module.solution.module.keyvault_for_windows.azurerm_virtual_machine_extension.linux_diagnostic",
      "status": "pass",
      "objects": null
    },
    {
      "object_kind": "resource",
      "config_addr": "module.solution.module.vm_extension_microsoft_azure_domainjoin.azurerm_virtual_machine_extension.monitoring",
      "status": "pass",
      "objects": null
    },
    {
      "object_kind": "resource",
      "config_addr": "module.solution.module.keyvault_for_windows.azurerm_virtual_machine_extension.devops_selfhosted_agent",
      "status": "pass",
      "objects": null
    },
    {
      "object_kind": "resource",
      "config_addr": "module.solution.module.keyvault_for_windows.azurerm_virtual_machine_extension.monitoring",
      "status": "pass",
      "objects": null
    },
    {
      "object_kind": "var",
      "config_addr": "module.solution.module.diagnostic_storage_accounts.module.diagnostics_queue.var.profiles",
      "status": "pass",
      "objects": null
    },
    {
      "object_kind": "var",
      "config_addr": "module.solution.module.storage_accounts.module.diagnostics.var.profiles",
      "status": "pass",
      "objects": null
    },
    {
      "object_kind": "var",
      "config_addr": "module.solution.module.data_factory.module.diagnostics.var.profiles",
      "status": "pass",
      "objects": null
    },
    {
      "object_kind": "resource",
      "config_addr": "module.solution.module.vm_extension_diagnostics.azurerm_virtual_machine_extension.domainjoin",
      "status": "pass",
      "objects": null
    },
    {
      "object_kind": "var",
      "config_addr": "module.solution.module.load_balancers.module.diagnostics.var.profiles",
      "status": "pass",
      "objects": null
    },
    {
      "object_kind": "var",
      "config_addr": "module.solution.module.mssql_managed_instances_v1.module.var_settings.var.mi_create_mode",
      "status": "pass",
      "objects": null
    },
    {
      "object_kind": "var",
      "config_addr": "module.solution.module.powerbi_embedded.var.mode",
      "status": "pass",
      "objects": null
    },
    {
      "object_kind": "var",
      "config_addr": "module.solution.module.mssql_managed_instances_secondary_v1.module.var_settings.var.proxy_override",
      "status": "pass",
      "objects": null
    },
    {
      "object_kind": "resource",
      "config_addr": "module.solution.module.keyvault_for_windows.azurerm_virtual_machine_extension.tfcloud_selfhosted_agent",
      "status": "pass",
      "objects": null
    },
    {
      "object_kind": "var",
      "config_addr": "module.solution.module.public_ip_addresses.var.ip_version",
      "status": "pass",
      "objects": null
    },
    {
      "object_kind": "resource",
      "config_addr": "module.solution.module.vm_extensions_devops_selfhosted_agent.azurerm_virtual_machine_extension.devops_selfhosted_agent",
      "status": "pass",
      "objects": null
    },
    {
      "object_kind": "resource",
      "config_addr": "module.solution.module.vm_extensions_devops_selfhosted_agent.azurerm_virtual_machine_extension.diagnostics",
      "status": "pass",
      "objects": null
    },
    {
      "object_kind": "resource",
      "config_addr": "module.solution.module.vm_extension_monitoring_agent.azurerm_virtual_machine_extension.tfcloud_selfhosted_agent",
      "status": "pass",
      "objects": null
    },
    {
      "object_kind": "var",
      "config_addr": "module.solution.module.nat_gateways.var.idle_timeout_in_minutes",
      "status": "pass",
      "objects": null
    },
    {
      "object_kind": "var",
      "config_addr": "module.solution.module.storage_accounts.module.diagnostics_table.var.profiles",
      "status": "pass",
      "objects": null
    },
    {
      "object_kind": "resource",
      "config_addr": "module.solution.module.vm_extension_custom_scriptextension.azurerm_virtual_machine_extension.keyvault_for_windows",
      "status": "pass",
      "objects": null
    },
    {
      "object_kind": "var",
      "config_addr": "module.solution.module.diagnostic_storage_accounts.module.diagnostics_table.var.profiles",
      "status": "pass",
      "objects": null
    },
    {
      "object_kind": "var",
      "config_addr": "module.solution.module.public_ip_addresses.var.idle_timeout_in_minutes",
      "status": "pass",
      "objects": null
    },
    {
      "object_kind": "var",
      "config_addr": "module.solution.module.azurerm_firewalls.module.diagnostics.var.profiles",
      "status": "pass",
      "objects": null
    },
    {
      "object_kind": "resource",
      "config_addr": "module.solution.module.vm_extension_linux_diagnostic.azurerm_virtual_machine_extension.tfcloud_selfhosted_agent",
      "status": "pass",
      "objects": null
    },
    {
      "object_kind": "resource",
      "config_addr": "module.solution.module.vm_extension_diagnostics.azurerm_virtual_machine_extension.session_host_dscextension",
      "status": "pass",
      "objects": null
    },
    {
      "object_kind": "resource",
      "config_addr": "module.solution.module.vm_extension_diagnostics.azurerm_virtual_machine_extension.devops_selfhosted_agent",
      "status": "pass",
      "objects": null
    },
    {
      "object_kind": "resource",
      "config_addr": "module.solution.module.vm_extensions_tfcloud_selfhosted_agent.azurerm_virtual_machine_extension.linux_diagnostic",
      "status": "pass",
      "objects": null
    },
    {
      "object_kind": "resource",
      "config_addr": "module.solution.module.vm_extension_monitoring_agent.azurerm_virtual_machine_extension.devops_selfhosted_agent",
      "status": "pass",
      "objects": null
    },
    {
      "object_kind": "var",
      "config_addr": "module.solution.module.virtual_machines.module.nics.var.profiles",
      "status": "pass",
      "objects": null
    },
    {
      "object_kind": "resource",
      "config_addr": "module.solution.module.vm_extension_generic.azurerm_virtual_machine_extension.linux_diagnostic",
      "status": "pass",
      "objects": null
    },
    {
      "object_kind": "var",
      "config_addr": "module.solution.module.keyvaults.module.diagnostics.var.profiles",
      "status": "pass",
      "objects": null
    },
    {
      "object_kind": "resource",
      "config_addr": "module.solution.module.vm_extensions_tfcloud_selfhosted_agent.azurerm_virtual_machine_extension.diagnostics",
      "status": "pass",
      "objects": null
    },
    {
      "object_kind": "var",
      "config_addr": "module.solution.module.diagnostic_event_hub_namespaces_diagnostics.var.profiles",
      "status": "pass",
      "objects": null
    },
    {
      "object_kind": "var",
      "config_addr": "module.solution.module.mssql_managed_instances_secondary_v1.module.var_settings.var.license_type",
      "status": "pass",
      "objects": null
    },
    {
      "object_kind": "resource",
      "config_addr": "module.solution.module.vm_extension_generic.azurerm_virtual_machine_extension.devops_selfhosted_agent",
      "status": "pass",
      "objects": null
    },
    {
      "object_kind": "resource",
      "config_addr": "module.solution.module.vm_extensions_devops_selfhosted_agent.azurerm_virtual_machine_extension.tfcloud_selfhosted_agent",
      "status": "pass",
      "objects": null
    },
    {
      "object_kind": "resource",
      "config_addr": "module.solution.module.vm_extension_monitoring_agent.azurerm_virtual_machine_extension.session_host_dscextension",
      "status": "pass",
      "objects": null
    },
    {
      "object_kind": "var",
      "config_addr": "module.solution.module.eventgrid_domain.module.diagnostics.var.profiles",
      "status": "pass",
      "objects": null
    },
    {
      "object_kind": "var",
      "config_addr": "module.solution.module.mssql_managed_instances_secondary_v1.module.var_login.var.keyvault",
      "status": "pass",
      "objects": null
    },
    {
      "object_kind": "resource",
      "config_addr": "module.solution.module.keyvault_for_windows.azurerm_virtual_machine_extension.keyvault_for_windows",
      "status": "pass",
      "objects": null
    },
    {
      "object_kind": "var",
      "config_addr": "module.solution.module.mysql_flexible_server.module.diagnostics.var.profiles",
      "status": "pass",
      "objects": null
    },
    {
      "object_kind": "var",
      "config_addr": "module.solution.module.public_ip_addresses.var.zones",
      "status": "pass",
      "objects": null
    },
    {
      "object_kind": "var",
      "config_addr": "module.solution.module.mssql_managed_instances_v1.module.var_settings.module.vcores_gen4.var.vcores",
      "status": "pass",
      "objects": null
    },
    {
      "object_kind": "var",
      "config_addr": "module.solution.module.public_ip_prefixes.var.zones",
      "status": "pass",
      "objects": null
    },
    {
      "object_kind": "var",
      "config_addr": "module.solution.module.mssql_managed_instances_v1.module.var_settings.var.proxy_override",
      "status": "pass",
      "objects": null
    },
    {
      "object_kind": "resource",
      "config_addr": "module.solution.module.vm_extension_session_host_dscextension.azurerm_virtual_machine_extension.diagnostics",
      "status": "pass",
      "objects": null
    },
    {
      "object_kind": "var",
      "config_addr": "module.solution.module.wvd_workspaces.module.diagnostics.var.profiles",
      "status": "pass",
      "objects": null
    }
  ]
}
